{
  "originHash" : "bbfb0552b169cd350a3128eda9b0a8919ee4bfe753b9c2039fd05b3c378f0ea8",
  "pins" : [
    {
      "identity" : "sparkle",
      "kind" : "remoteSourceControl",
      "location" : "https://github.com/sparkle-project/Sparkle",
      "state" : {
        "revision" : "b6496a74a087257ef5e6da1c5b29a447a60f5bd7",
        "version" : "2.9.4"
      }
    },
    {
      "identity" : "swifttimezonelookup",
      "kind" : "remoteSourceControl",
      "location" : "https://github.com/patrick-zippenfenig/SwiftTimeZoneLookup.git",
      "state" : {
        "revision" : "e4db6c3ad57b58d472a05b73cf8ea78352957500",
        "version" : "1.0.8"
      }
    }
  ],
  "version" : 3
}
